# THIS IS AN AUTOGENERATED FILE. DO NOT EDIT THIS FILE DIRECTLY.
# yarn lockfile v1


Base64@~0.2.0:
  version "0.2.1"
  resolved "https://registry.yarnpkg.com/Base64/-/Base64-0.2.1.tgz#ba3a4230708e186705065e66babdd4c35cf60028"
  integrity sha1-ujpCMHCOGGcFBl5mur3Uw1z2ACg=

JSV@^4.0.x:
  version "4.0.2"
  resolved "https://registry.yarnpkg.com/JSV/-/JSV-4.0.2.tgz#d077f6825571f82132f9dffaed587b4029feff57"
  integrity sha1-0Hf2glVx+CEy+d/67Vh7QCn+/1c=

admin-config@^0.12.4:
  version "0.12.4"
  resolved "https://registry.yarnpkg.com/admin-config/-/admin-config-0.12.4.tgz#b0a324785c0e5b8ec489148ac6d1402ae851dac3"
  integrity sha512-vHiZIDK4QysLXKOGrRJ9IZlUfJuvSUQUELJz4oaj0o70KD7v+Fsate1dMVQd+1LS1VbN73BZe1aEPw8mEjeDcw==

angular-numeraljs@^1.1.6:
  version "1.3.2"
  resolved "https://registry.yarnpkg.com/angular-numeraljs/-/angular-numeraljs-1.3.2.tgz#2c402dd8bea9108ad09d9a9b41cdca105333b2cc"
  integrity sha1-LEAt2L6pEIrQnZqbQc3KEFMzssw=
  dependencies:
    numeral "~1.5"

angular-sanitize@^1.3.15:
  version "1.7.8"
  resolved "https://registry.yarnpkg.com/angular-sanitize/-/angular-sanitize-1.7.8.tgz#87d59f754bb18d286dfd9d6ce867299c094c6719"
  integrity sha512-sVq51is1cVNiPytH4JIEd7iRW0OBIRQGNETWkz1c/jnLv2sBf9oDxEd8enwDz/W2ULBIpqJPK/3AsIxmZyh9pA==

angular-translate@^2.11.0:
  version "2.18.1"
  resolved "https://registry.yarnpkg.com/angular-translate/-/angular-translate-2.18.1.tgz#b29ed0d2f9bac44075e7aad3284166c59e150791"
  integrity sha512-Mw0kFBqsv5j8ItL9IhRZunIlVmIRW6iFsiTmRs9wGr2QTt8z4rehYlWyHos8qnXc/kyOYJiW50iH50CSNHGB9A==
  dependencies:
    angular ">=1.2.26 <=1.7"

angular-ui-bootstrap@~1.2.1:
  version "1.2.5"
  resolved "https://registry.yarnpkg.com/angular-ui-bootstrap/-/angular-ui-bootstrap-1.2.5.tgz#b0c1eff0bf3b7a65668984a1b81820a90dc60995"
  integrity sha1-sMHv8L87emVmiYShuBggqQ3GCZU=

"angular-ui-codemirror@github:jpetitcolas/ui-codemirror#di":
  version "0.3.0"
  resolved "https://codeload.github.com/jpetitcolas/ui-codemirror/tar.gz/f1f5385799494d3260a31b12c814a7ab54b91948"

angular-ui-router@~0.4.0:
  version "0.4.3"
  resolved "https://registry.yarnpkg.com/angular-ui-router/-/angular-ui-router-0.4.3.tgz#6c29546fe50b8d2f74614dcb8660d6fc40d6e167"
  integrity sha512-EGBG7G7ArFVkJPM+ZIgPKuMYuT16UQrr3zj3BEiXHKwxss867bGt3u7QD9g4BxR+K2qQOSWok6JGvgTWXAko3A==
  dependencies:
    angular "^1.0.8"

"angular@>=1.2.26 <=1.7", angular@^1.0.8, angular@^1.3.14:
  version "1.7.8"
  resolved "https://registry.yarnpkg.com/angular/-/angular-1.7.8.tgz#b77ede272ce1b261e3be30c1451a0b346905a3c9"
  integrity sha512-wtef/y4COxM7ZVhddd7JtAAhyYObq9YXKar9tsW7558BImeVYteJiTxCKeJOL45lJ/+7B4wrAC49j8gTFYEthg==

angular@~1.6.1:
  version "1.6.10"
  resolved "https://registry.yarnpkg.com/angular/-/angular-1.6.10.tgz#eed3080a34d29d0f681ff119b18ce294e3f74826"
  integrity sha512-PCZ5/hVdvPQiYyH0VwsPjrErPHRcITnaXxhksceOXgtJeesKHLA7KDu4X/yvcAi+1zdGgGF+9pDxkJvghXI9Wg==

ansi-styles@~1.0.0:
  version "1.0.0"
  resolved "https://registry.yarnpkg.com/ansi-styles/-/ansi-styles-1.0.0.tgz#cb102df1c56f5123eab8b67cd7b98027a0279178"
  integrity sha1-yxAt8cVvUSPquLZ817mAJ6AnkXg=

assert@^1.1.1:
  version "1.5.0"
  resolved "https://registry.yarnpkg.com/assert/-/assert-1.5.0.tgz#55c109aaf6e0aefdb3dc4b71240c70bf574b18eb"
  integrity sha512-EDsgawzwoun2CZkCgtxJbv392v4nbk9XDD06zI+kQYoBM/3RBWLlEyJARDOmhAAosBjWACEkKL6S+lIZtcAubA==
  dependencies:
    object-assign "^4.1.1"
    util "0.10.3"

base64-js@0.0.8:
  version "0.0.8"
  resolved "https://registry.yarnpkg.com/base64-js/-/base64-js-0.0.8.tgz#1101e9544f4a76b1bc3b26d452ca96d7a35e7978"
  integrity sha1-EQHpVE9KdrG8OybUUsqW16NeeXg=

bootstrap-sass@^3.3.7:
  version "3.4.1"
  resolved "https://registry.yarnpkg.com/bootstrap-sass/-/bootstrap-sass-3.4.1.tgz#6843c73b1c258a0ac5cb2cc6f6f5285b664a8e9a"
  integrity sha512-p5rxsK/IyEDQm2CwiHxxUi0MZZtvVFbhWmyMOt4lLkA4bujDA1TGoKT0i1FKIWiugAdP+kK8T5KMDFIKQCLYIA==

browserify-zlib@~0.1.4:
  version "0.1.4"
  resolved "https://registry.yarnpkg.com/browserify-zlib/-/browserify-zlib-0.1.4.tgz#bb35f8a519f600e0fa6b8485241c979d0141fb2d"
  integrity sha1-uzX4pRn2AOD6a4SFJByXnQFB+y0=
  dependencies:
    pako "~0.2.0"

buffer@^3.0.3:
  version "3.6.0"
  resolved "https://registry.yarnpkg.com/buffer/-/buffer-3.6.0.tgz#a72c936f77b96bf52f5f7e7b467180628551defb"
  integrity sha1-pyyTb3e5a/UvX357RnGAYoVR3vs=
  dependencies:
    base64-js "0.0.8"
    ieee754 "^1.1.4"
    isarray "^1.0.0"

chalk@~0.4.0:
  version "0.4.0"
  resolved "https://registry.yarnpkg.com/chalk/-/chalk-0.4.0.tgz#5199a3ddcd0c1efe23bc08c1b027b06176e0c64f"
  integrity sha1-UZmj3c0MHv4jvAjBsCewYXbgxk8=
  dependencies:
    ansi-styles "~1.0.0"
    has-color "~0.1.0"
    strip-ansi "~0.1.0"

codemirror@^5.2.0:
  version "5.49.2"
  resolved "https://registry.yarnpkg.com/codemirror/-/codemirror-5.49.2.tgz#c84fdaf11b19803f828b0c67060c7bc6d154ccad"
  integrity sha512-dwJ2HRPHm8w51WB5YTF9J7m6Z5dtkqbU9ntMZ1dqXyFB9IpjoUFDj80ahRVEoVanfIp6pfASJbOlbWdEf8FOzQ==

console-browserify@^1.1.0:
  version "1.2.0"
  resolved "https://registry.yarnpkg.com/console-browserify/-/console-browserify-1.2.0.tgz#67063cef57ceb6cf4993a2ab3a55840ae8c49336"
  integrity sha512-ZMkYO/LkF17QvCPqM0gxw8yUzigAOZOSWSHg91FH6orS7vcEj5dVZTidN2fQ14yBSdg97RqhSNwLUXInd52OTA==

constants-browserify@0.0.1:
  version "0.0.1"
  resolved "https://registry.yarnpkg.com/constants-browserify/-/constants-browserify-0.0.1.tgz#92577db527ba6c4cf0a4568d84bc031f441e21f2"
  integrity sha1-kld9tSe6bEzwpFaNhLwDH0QeIfI=

core-js@^0.6.1:
  version "0.6.1"
  resolved "https://registry.yarnpkg.com/core-js/-/core-js-0.6.1.tgz#1b4970873e8101bf8c435af095faa9024f4b9b58"
  integrity sha1-G0lwhz6BAb+MQ1rwlfqpAk9Lm1g=

core-util-is@~1.0.0:
  version "1.0.2"
  resolved "https://registry.yarnpkg.com/core-util-is/-/core-util-is-1.0.2.tgz#b5fd54220aa2bc5ab57aab7140c940754503c1a7"
  integrity sha1-tf1UIgqivFq1eqtxQMlAdUUDwac=

crypto-browserify@~3.2.6:
  version "3.2.8"
  resolved "https://registry.yarnpkg.com/crypto-browserify/-/crypto-browserify-3.2.8.tgz#b9b11dbe6d9651dd882a01e6cc467df718ecf189"
  integrity sha1-ubEdvm2WUd2IKgHmzEZ99xjs8Yk=
  dependencies:
    pbkdf2-compat "2.0.1"
    ripemd160 "0.2.0"
    sha.js "2.2.6"

domain-browser@^1.1.1:
  version "1.2.0"
  resolved "https://registry.yarnpkg.com/domain-browser/-/domain-browser-1.2.0.tgz#3d31f50191a6749dd1375a7f522e823d42e54eda"
  integrity sha512-jnjyiM6eRyZl2H+W8Q/zLMA481hzi0eszAaBUzIVnmYVDBbnLxVNnfu1HgEBvCbL+71FrxMl3E6lpKH7Ge3OXA==

es6-promise@^2.3.0:
  version "2.3.0"
  resolved "https://registry.yarnpkg.com/es6-promise/-/es6-promise-2.3.0.tgz#96edb9f2fdb01995822b263dd8aadab6748181bc"
  integrity sha1-lu258v2wGZWCKyY92KratnSBgbw=

events@^1.0.0:
  version "1.1.1"
  resolved "https://registry.yarnpkg.com/events/-/events-1.1.1.tgz#9ebdb7635ad099c70dcc4c2a1f5004288e8bd924"
  integrity sha1-nr23Y1rQmccNzEwqH1AEKI6L2SQ=

font-awesome@^4.3.0:
  version "4.7.0"
  resolved "https://registry.yarnpkg.com/font-awesome/-/font-awesome-4.7.0.tgz#8fa8cf0411a1a31afd07b06d2902bb9fc815a133"
  integrity sha1-j6jPBBGhoxr9B7BtKQK7n8gVoTM=

has-color@~0.1.0:
  version "0.1.7"
  resolved "https://registry.yarnpkg.com/has-color/-/has-color-0.1.7.tgz#67144a5260c34fc3cca677d041daf52fe7b78b2f"
  integrity sha1-ZxRKUmDDT8PMpnfQQdr1L+e3iy8=

http-browserify@^1.3.2:
  version "1.7.0"
  resolved "https://registry.yarnpkg.com/http-browserify/-/http-browserify-1.7.0.tgz#33795ade72df88acfbfd36773cefeda764735b20"
  integrity sha1-M3la3nLfiKz7/TZ3PO/tp2RzWyA=
  dependencies:
    Base64 "~0.2.0"
    inherits "~2.0.1"

https-browserify@0.0.0:
  version "0.0.0"
  resolved "https://registry.yarnpkg.com/https-browserify/-/https-browserify-0.0.0.tgz#b3ffdfe734b2a3d4a9efd58e8654c91fce86eafd"
  integrity sha1-s//f5zSyo9Sp79WOhlTJH86G6v0=

humane-js@^3.2.2:
  version "3.2.2"
  resolved "https://registry.yarnpkg.com/humane-js/-/humane-js-3.2.2.tgz#b762af5f8b246f3fd6f455eb131c252bd5c00a8c"
  integrity sha1-t2KvX4skbz/W9FXrExwlK9XACow=

ieee754@^1.1.4:
  version "1.1.13"
  resolved "https://registry.yarnpkg.com/ieee754/-/ieee754-1.1.13.tgz#ec168558e95aa181fd87d37f55c32bbcb6708b84"
  integrity sha512-4vf7I2LYV/HaWerSo3XmlMkp5eZ83i+/CDluXi/IGTs/O1sejBNhTtnxzmRZfvOUqj7lZjqHkeTvpgSFDlWZTg==

indexof@0.0.1:
  version "0.0.1"
  resolved "https://registry.yarnpkg.com/indexof/-/indexof-0.0.1.tgz#82dc336d232b9062179d05ab3293a66059fd435d"
  integrity sha1-gtwzbSMrkGIXnQWrMpOmYFn9Q10=

inflection@~1.4.0:
  version "1.4.2"
  resolved "https://registry.yarnpkg.com/inflection/-/inflection-1.4.2.tgz#8bddf6ede66014cd33293dfe76e18a77f53d4a3a"
  integrity sha1-i9327eZgFM0zKT3+duGKd/U9Sjo=

inherits@2.0.1:
  version "2.0.1"
  resolved "https://registry.yarnpkg.com/inherits/-/inherits-2.0.1.tgz#b17d08d326b4423e568eff719f91b0b1cbdf69f1"
  integrity sha1-sX0I0ya0Qj5Wjv9xn5GwscvfafE=

inherits@2.0.3:
  version "2.0.3"
  resolved "https://registry.yarnpkg.com/inherits/-/inherits-2.0.3.tgz#633c2c83e3da42a502f52466022480f4208261de"
  integrity sha1-Yzwsg+PaQqUC9SRmAiSA9CCCYd4=

inherits@~2.0.1:
  version "2.0.4"
  resolved "https://registry.yarnpkg.com/inherits/-/inherits-2.0.4.tgz#0fa2c64f932917c3433a0ded55363aae37416b7c"
  integrity sha512-k/vGaX4/Yla3WzyMCvTQOXYeIHvqOKtnqBduzTHpzpQZzAskKMhZ2K+EnBiSM9zGSoIFeMpXKxa4dYeZIQqewQ==

isarray@0.0.1:
  version "0.0.1"
  resolved "https://registry.yarnpkg.com/isarray/-/isarray-0.0.1.tgz#8a18acfca9a8f4177e09abfc6038939b05d1eedf"
  integrity sha1-ihis/Kmo9Bd+Cav8YDiTmwXR7t8=

isarray@^1.0.0:
  version "1.0.0"
  resolved "https://registry.yarnpkg.com/isarray/-/isarray-1.0.0.tgz#bb935d48582cba168c06834957a54a3e07124f11"
  integrity sha1-u5NdSFgsuhaMBoNJV6VKPgcSTxE=

jsonlint@^1.6.2:
  version "1.6.3"
  resolved "https://registry.yarnpkg.com/jsonlint/-/jsonlint-1.6.3.tgz#cb5e31efc0b78291d0d862fbef05900adf212988"
  integrity sha512-jMVTMzP+7gU/IyC6hvKyWpUU8tmTkK5b3BPNuMI9U8Sit+YAWLlZwB6Y6YrdCxfg2kNz05p3XY3Bmm4m26Nv3A==
  dependencies:
    JSV "^4.0.x"
    nomnom "^1.5.x"

lodash.debounce@4.0.8:
  version "4.0.8"
  resolved "https://registry.yarnpkg.com/lodash.debounce/-/lodash.debounce-4.0.8.tgz#82d79bff30a67c4005ffd5e2515300ad9ca4d7af"
  integrity sha1-gteb/zCmfEAF/9XiUVMArZyk168=

lodash@>=1.3.0:
  version "4.17.15"
  resolved "https://registry.yarnpkg.com/lodash/-/lodash-4.17.15.tgz#b447f6670a0455bbfeedd11392eff330ea097548"
  integrity sha512-8xOcRHvCjnocdS5cpwXQXVzmmh5e5+saE2QGoeQmbKmRS6J3VQppPOIt0MnmE+4xlZoumy0GPG0D0MVIQbNA1A==

ng-admin@^1.0.5:
  version "1.0.13"
  resolved "https://registry.yarnpkg.com/ng-admin/-/ng-admin-1.0.13.tgz#b5d6492492a7d2291e466a695ebbba0e69988c9e"
  integrity sha512-9tiJ3lWFY1rC2Eq8/H8aQl5oFVypJ+DTekNHt4fh6RrkGoAwroB2J5VY6PSZnPhj+CAS8pHb8hf/x4pnEJlXpQ==
  dependencies:
    admin-config "^0.12.4"
    angular "~1.6.1"
    angular-numeraljs "^1.1.6"
    angular-sanitize "^1.3.15"
    angular-translate "^2.11.0"
    angular-ui-bootstrap "~1.2.1"
    angular-ui-codemirror jpetitcolas/ui-codemirror#di
    angular-ui-router "~0.4.0"
    bootstrap-sass "^3.3.7"
    codemirror "^5.2.0"
    core-js "^0.6.1"
    es6-promise "^2.3.0"
    font-awesome "^4.3.0"
    humane-js "^3.2.2"
    jsonlint "^1.6.2"
    lodash.debounce "4.0.8"
    ng-file-upload "^7.0.12"
    nginflection "^1.1.10"
    node-libs-browser "^0.5.0"
    nprogress "^0.2.0"
    numeral "^1.5.3"
    papaparse "^4.1.1"
    rangy "^1.3.0"
    restangular "~1.5.2"
    textangular "1.4.3"
    ui-select "0.18.1"

ng-file-upload@^7.0.12:
  version "7.3.9"
  resolved "https://registry.yarnpkg.com/ng-file-upload/-/ng-file-upload-7.3.9.tgz#8e25396d98c924e3c3415321294e4487da751c4b"
  integrity sha1-jiU5bZjJJOPDQVMhKU5Eh9p1HEs=

nginflection@^1.1.10:
  version "1.1.10"
  resolved "https://registry.yarnpkg.com/nginflection/-/nginflection-1.1.10.tgz#fa2a5076bfa016ecb065e0c9cfacbb999b4cfdaf"
  integrity sha1-+ipQdr+gFuywZeDJz6y7mZtM/a8=
  dependencies:
    angular "^1.3.14"
    inflection "~1.4.0"

node-libs-browser@^0.5.0:
  version "0.5.3"
  resolved "https://registry.yarnpkg.com/node-libs-browser/-/node-libs-browser-0.5.3.tgz#55efa888ec907acdb8cffc4e7a51712780e13b6a"
  integrity sha1-Ve+oiOyQes24z/xOelFxJ4DhO2o=
  dependencies:
    assert "^1.1.1"
    browserify-zlib "~0.1.4"
    buffer "^3.0.3"
    console-browserify "^1.1.0"
    constants-browserify "0.0.1"
    crypto-browserify "~3.2.6"
    domain-browser "^1.1.1"
    events "^1.0.0"
    http-browserify "^1.3.2"
    https-browserify "0.0.0"
    os-browserify "~0.1.2"
    path-browserify "0.0.0"
    process "^0.11.0"
    punycode "^1.2.4"
    querystring-es3 "~0.2.0"
    readable-stream "^1.1.13"
    stream-browserify "^1.0.0"
    string_decoder "~0.10.25"
    timers-browserify "^1.0.1"
    tty-browserify "0.0.0"
    url "~0.10.1"
    util "~0.10.3"
    vm-browserify "0.0.4"

nomnom@^1.5.x:
  version "1.8.1"
  resolved "https://registry.yarnpkg.com/nomnom/-/nomnom-1.8.1.tgz#2151f722472ba79e50a76fc125bb8c8f2e4dc2a7"
  integrity sha1-IVH3Ikcrp55Qp2/BJbuMjy5Nwqc=
  dependencies:
    chalk "~0.4.0"
    underscore "~1.6.0"

nprogress@^0.2.0:
  version "0.2.0"
  resolved "https://registry.yarnpkg.com/nprogress/-/nprogress-0.2.0.tgz#cb8f34c53213d895723fcbab907e9422adbcafb1"
  integrity sha1-y480xTIT2JVyP8urkH6UIq28r7E=

numeral@^1.5.3, numeral@~1.5:
  version "1.5.6"
  resolved "https://registry.yarnpkg.com/numeral/-/numeral-1.5.6.tgz#3831db968451b9cf6aff9bf95925f1ef8e37b33f"
  integrity sha1-ODHbloRRuc9q/5v5WSXx7443sz8=

object-assign@^4.1.1:
  version "4.1.1"
  resolved "https://registry.yarnpkg.com/object-assign/-/object-assign-4.1.1.tgz#2109adc7965887cfc05cbbd442cac8bfbb360863"
  integrity sha1-IQmtx5ZYh8/AXLvUQsrIv7s2CGM=

os-browserify@~0.1.2:
  version "0.1.2"
  resolved "https://registry.yarnpkg.com/os-browserify/-/os-browserify-0.1.2.tgz#49ca0293e0b19590a5f5de10c7f265a617d8fe54"
  integrity sha1-ScoCk+CxlZCl9d4Qx/JlphfY/lQ=

pako@~0.2.0:
  version "0.2.9"
  resolved "https://registry.yarnpkg.com/pako/-/pako-0.2.9.tgz#f3f7522f4ef782348da8161bad9ecfd51bf83a75"
  integrity sha1-8/dSL073gjSNqBYbrZ7P1Rv4OnU=

papaparse@^4.1.1:
  version "4.6.3"
  resolved "https://registry.yarnpkg.com/papaparse/-/papaparse-4.6.3.tgz#742e5eaaa97fa6c7e1358d2934d8f18f44aee781"
  integrity sha512-LRq7BrHC2kHPBYSD50aKuw/B/dGcg29omyJbKWY3KsYUZU69RKwaBHu13jGmCYBtOc4odsLCrFyk6imfyNubJQ==

path-browserify@0.0.0:
  version "0.0.0"
  resolved "https://registry.yarnpkg.com/path-browserify/-/path-browserify-0.0.0.tgz#a0b870729aae214005b7d5032ec2cbbb0fb4451a"
  integrity sha1-oLhwcpquIUAFt9UDLsLLuw+0RRo=

pbkdf2-compat@2.0.1:
  version "2.0.1"
  resolved "https://registry.yarnpkg.com/pbkdf2-compat/-/pbkdf2-compat-2.0.1.tgz#b6e0c8fa99494d94e0511575802a59a5c142f288"
  integrity sha1-tuDI+plJTZTgURV1gCpZpcFC8og=

process@^0.11.0, process@~0.11.0:
  version "0.11.10"
  resolved "https://registry.yarnpkg.com/process/-/process-0.11.10.tgz#7332300e840161bda3e69a1d1d91a7d4bc16f182"
  integrity sha1-czIwDoQBYb2j5podHZGn1LwW8YI=

punycode@1.3.2:
  version "1.3.2"
  resolved "https://registry.yarnpkg.com/punycode/-/punycode-1.3.2.tgz#9653a036fb7c1ee42342f2325cceefea3926c48d"
  integrity sha1-llOgNvt8HuQjQvIyXM7v6jkmxI0=

punycode@^1.2.4:
  version "1.4.1"
  resolved "https://registry.yarnpkg.com/punycode/-/punycode-1.4.1.tgz#c0d5a63b2718800ad8e1eb0fa5269c84dd41845e"
  integrity sha1-wNWmOycYgArY4esPpSachN1BhF4=

querystring-es3@~0.2.0:
  version "0.2.1"
  resolved "https://registry.yarnpkg.com/querystring-es3/-/querystring-es3-0.2.1.tgz#9ec61f79049875707d69414596fd907a4d711e73"
  integrity sha1-nsYfeQSYdXB9aUFFlv2Qek1xHnM=

querystring@0.2.0:
  version "0.2.0"
  resolved "https://registry.yarnpkg.com/querystring/-/querystring-0.2.0.tgz#b209849203bb25df820da756e747005878521620"
  integrity sha1-sgmEkgO7Jd+CDadW50cAWHhSFiA=

rangy@^1.3.0:
  version "1.3.0"
  resolved "https://registry.yarnpkg.com/rangy/-/rangy-1.3.0.tgz#b7c9a70aea05e5d8cdc74a8d4c8273d697271904"
  integrity sha1-t8mnCuoF5djNx0qNTIJz1pcnGQQ=

readable-stream@^1.0.27-1, readable-stream@^1.1.13:
  version "1.1.14"
  resolved "https://registry.yarnpkg.com/readable-stream/-/readable-stream-1.1.14.tgz#7cf4c54ef648e3813084c636dd2079e166c081d9"
  integrity sha1-fPTFTvZI44EwhMY23SB54WbAgdk=
  dependencies:
    core-util-is "~1.0.0"
    inherits "~2.0.1"
    isarray "0.0.1"
    string_decoder "~0.10.x"

restangular@~1.5.2:
  version "1.5.2"
  resolved "https://registry.yarnpkg.com/restangular/-/restangular-1.5.2.tgz#a7515519a7ab0c2bac8667a77ffe530562e92589"
  integrity sha1-p1FVGaerDCushmenf/5TBWLpJYk=
  dependencies:
    lodash ">=1.3.0"

ripemd160@0.2.0:
  version "0.2.0"
  resolved "https://registry.yarnpkg.com/ripemd160/-/ripemd160-0.2.0.tgz#2bf198bde167cacfa51c0a928e84b68bbe171fce"
  integrity sha1-K/GYveFnys+lHAqSjoS2i74XH84=

sha.js@2.2.6:
  version "2.2.6"
  resolved "https://registry.yarnpkg.com/sha.js/-/sha.js-2.2.6.tgz#17ddeddc5f722fb66501658895461977867315ba"
  integrity sha1-F93t3F9yL7ZlAWWIlUYZd4ZzFbo=

stream-browserify@^1.0.0:
  version "1.0.0"
  resolved "https://registry.yarnpkg.com/stream-browserify/-/stream-browserify-1.0.0.tgz#bf9b4abfb42b274d751479e44e0ff2656b6f1193"
  integrity sha1-v5tKv7QrJ011FHnkTg/yZWtvEZM=
  dependencies:
    inherits "~2.0.1"
    readable-stream "^1.0.27-1"

string_decoder@~0.10.25, string_decoder@~0.10.x:
  version "0.10.31"
  resolved "https://registry.yarnpkg.com/string_decoder/-/string_decoder-0.10.31.tgz#62e203bc41766c6c28c9fc84301dab1c5310fa94"
  integrity sha1-YuIDvEF2bGwoyfyEMB2rHFMQ+pQ=

strip-ansi@~0.1.0:
  version "0.1.1"
  resolved "https://registry.yarnpkg.com/strip-ansi/-/strip-ansi-0.1.1.tgz#39e8a98d044d150660abe4a6808acf70bb7bc991"
  integrity sha1-OeipjQRNFQZgq+SmgIrPcLt7yZE=

textangular@1.4.3:
  version "1.4.3"
  resolved "https://registry.yarnpkg.com/textangular/-/textangular-1.4.3.tgz#0afb56ef5cbe6c69cd6d2fc9668d145bcafa15af"
  integrity sha1-CvtW71y+bGnNbS/JZo0UW8r6Fa8=

timers-browserify@^1.0.1:
  version "1.4.2"
  resolved "https://registry.yarnpkg.com/timers-browserify/-/timers-browserify-1.4.2.tgz#c9c58b575be8407375cb5e2462dacee74359f41d"
  integrity sha1-ycWLV1voQHN1y14kYtrO50NZ9B0=
  dependencies:
    process "~0.11.0"

tty-browserify@0.0.0:
  version "0.0.0"
  resolved "https://registry.yarnpkg.com/tty-browserify/-/tty-browserify-0.0.0.tgz#a157ba402da24e9bf957f9aa69d524eed42901a6"
  integrity sha1-oVe6QC2iTpv5V/mqadUk7tQpAaY=

ui-select@0.18.1:
  version "0.18.1"
  resolved "https://registry.yarnpkg.com/ui-select/-/ui-select-0.18.1.tgz#fb62568493981996b7c447e2ab57aec9c0b7b1c1"
  integrity sha1-+2JWhJOYGZa3xEfiq1euycC3scE=

underscore@~1.6.0:
  version "1.6.0"
  resolved "https://registry.yarnpkg.com/underscore/-/underscore-1.6.0.tgz#8b38b10cacdef63337b8b24e4ff86d45aea529a8"
  integrity sha1-izixDKze9jM3uLJOT/htRa6lKag=

url@~0.10.1:
  version "0.10.3"
  resolved "https://registry.yarnpkg.com/url/-/url-0.10.3.tgz#021e4d9c7705f21bbf37d03ceb58767402774c64"
  integrity sha1-Ah5NnHcF8hu/N9A861h2dAJ3TGQ=
  dependencies:
    punycode "1.3.2"
    querystring "0.2.0"

util@0.10.3:
  version "0.10.3"
  resolved "https://registry.yarnpkg.com/util/-/util-0.10.3.tgz#7afb1afe50805246489e3db7fe0ed379336ac0f9"
  integrity sha1-evsa/lCAUkZInj23/g7TeTNqwPk=
  dependencies:
    inherits "2.0.1"

util@~0.10.3:
  version "0.10.4"
  resolved "https://registry.yarnpkg.com/util/-/util-0.10.4.tgz#3aa0125bfe668a4672de58857d3ace27ecb76901"
  integrity sha512-0Pm9hTQ3se5ll1XihRic3FDIku70C+iHUdT/W926rSgHV5QgXsYbKZN8MSC3tJtSkhuROzvsQjAaFENRXr+19A==
  dependencies:
    inherits "2.0.3"

vm-browserify@0.0.4:
  version "0.0.4"
  resolved "https://registry.yarnpkg.com/vm-browserify/-/vm-browserify-0.0.4.tgz#5d7ea45bbef9e4a6ff65f95438e0a87c357d5a73"
  integrity sha1-XX6kW7755Kb/ZflUOOCofDV9WnM=
  dependencies:
    indexof "0.0.1"
