# THIS IS AN AUTOGENERATED FILE. DO NOT EDIT THIS FILE DIRECTLY.
# yarn lockfile v1


Base64@~0.2.0:
  version "0.2.1"
  resolved "https://registry.yarnpkg.com/Base64/-/Base64-0.2.1.tgz#ba3a4230708e186705065e66babdd4c35cf60028"

"JSV@>= 4.0.x":
  version "4.0.2"
  resolved "https://registry.yarnpkg.com/JSV/-/JSV-4.0.2.tgz#d077f6825571f82132f9dffaed587b4029feff57"

admin-config@~0.12.2:
  version "0.12.2"
  resolved "https://registry.yarnpkg.com/admin-config/-/admin-config-0.12.2.tgz#dfea66963e4a5f4041755691eb8609af989c27c0"

angular-numeraljs@^1.1.6:
  version "1.3.2"
  resolved "https://registry.yarnpkg.com/angular-numeraljs/-/angular-numeraljs-1.3.2.tgz#2c402dd8bea9108ad09d9a9b41cdca105333b2cc"
  dependencies:
    numeral "~1.5"

angular-sanitize@^1.3.15:
  version "1.6.4"
  resolved "https://registry.yarnpkg.com/angular-sanitize/-/angular-sanitize-1.6.4.tgz#60a37ea96fb0d4a322a3ccb64ee4a5cf3b154f0c"

angular-translate@^2.11.0:
  version "2.15.1"
  resolved "https://registry.yarnpkg.com/angular-translate/-/angular-translate-2.15.1.tgz#920f7d2b877819e1c0fa881781b9b675f36480ce"
  dependencies:
    angular ">=1.2.26 <=1.6"

angular-ui-bootstrap@~1.2.1:
  version "1.2.5"
  resolved "https://registry.yarnpkg.com/angular-ui-bootstrap/-/angular-ui-bootstrap-1.2.5.tgz#b0c1eff0bf3b7a65668984a1b81820a90dc60995"

angular-ui-codemirror@jpetitcolas/ui-codemirror#di:
  version "0.3.0"
  uid f1f5385799494d3260a31b12c814a7ab54b91948
  resolved "https://codeload.github.com/jpetitcolas/ui-codemirror/tar.gz/f1f5385799494d3260a31b12c814a7ab54b91948"

angular-ui-router@~0.4.0:
  version "0.4.2"
  resolved "https://registry.yarnpkg.com/angular-ui-router/-/angular-ui-router-0.4.2.tgz#b6aed1ca69a683c82e3992898eabd4ba15868608"
  dependencies:
    angular "^1.0.8"

"angular@>=1.2.26 <=1.6", angular@^1.0.8, angular@^1.3.14, angular@~1.6.1:
  version "1.6.4"
  resolved "https://registry.yarnpkg.com/angular/-/angular-1.6.4.tgz#03b7b15c01a0802d7e2cf593240e604054dc77fb"

ansi-styles@~1.0.0:
  version "1.0.0"
  resolved "https://registry.yarnpkg.com/ansi-styles/-/ansi-styles-1.0.0.tgz#cb102df1c56f5123eab8b67cd7b98027a0279178"

assert@^1.1.1:
  version "1.4.1"
  resolved "https://registry.yarnpkg.com/assert/-/assert-1.4.1.tgz#99912d591836b5a6f5b345c0f07eefc08fc65d91"
  dependencies:
    util "0.10.3"

base64-js@0.0.8:
  version "0.0.8"
  resolved "https://registry.yarnpkg.com/base64-js/-/base64-js-0.0.8.tgz#1101e9544f4a76b1bc3b26d452ca96d7a35e7978"

bootstrap-sass@^3.3.7:
  version "3.4.1"
  resolved "https://registry.yarnpkg.com/bootstrap-sass/-/bootstrap-sass-3.4.1.tgz#6843c73b1c258a0ac5cb2cc6f6f5285b664a8e9a"

browserify-zlib@~0.1.4:
  version "0.1.4"
  resolved "https://registry.yarnpkg.com/browserify-zlib/-/browserify-zlib-0.1.4.tgz#bb35f8a519f600e0fa6b8485241c979d0141fb2d"
  dependencies:
    pako "~0.2.0"

buffer@^3.0.3:
  version "3.6.0"
  resolved "https://registry.yarnpkg.com/buffer/-/buffer-3.6.0.tgz#a72c936f77b96bf52f5f7e7b467180628551defb"
  dependencies:
    base64-js "0.0.8"
    ieee754 "^1.1.4"
    isarray "^1.0.0"

chalk@~0.4.0:
  version "0.4.0"
  resolved "https://registry.yarnpkg.com/chalk/-/chalk-0.4.0.tgz#5199a3ddcd0c1efe23bc08c1b027b06176e0c64f"
  dependencies:
    ansi-styles "~1.0.0"
    has-color "~0.1.0"
    strip-ansi "~0.1.0"

codemirror@^5.2.0:
  version "5.25.0"
  resolved "https://registry.yarnpkg.com/codemirror/-/codemirror-5.25.0.tgz#78e06939c7bb41f65707b8aa9c5328111948b756"

console-browserify@^1.1.0:
  version "1.1.0"
  resolved "https://registry.yarnpkg.com/console-browserify/-/console-browserify-1.1.0.tgz#f0241c45730a9fc6323b206dbf38edc741d0bb10"
  dependencies:
    date-now "^0.1.4"

constants-browserify@0.0.1:
  version "0.0.1"
  resolved "https://registry.yarnpkg.com/constants-browserify/-/constants-browserify-0.0.1.tgz#92577db527ba6c4cf0a4568d84bc031f441e21f2"

core-js@^0.6.1:
  version "0.6.1"
  resolved "https://registry.yarnpkg.com/core-js/-/core-js-0.6.1.tgz#1b4970873e8101bf8c435af095faa9024f4b9b58"

core-util-is@~1.0.0:
  version "1.0.2"
  resolved "https://registry.yarnpkg.com/core-util-is/-/core-util-is-1.0.2.tgz#b5fd54220aa2bc5ab57aab7140c940754503c1a7"

crypto-browserify@~3.2.6:
  version "3.2.8"
  resolved "https://registry.yarnpkg.com/crypto-browserify/-/crypto-browserify-3.2.8.tgz#b9b11dbe6d9651dd882a01e6cc467df718ecf189"
  dependencies:
    pbkdf2-compat "2.0.1"
    ripemd160 "0.2.0"
    sha.js "2.2.6"

date-now@^0.1.4:
  version "0.1.4"
  resolved "https://registry.yarnpkg.com/date-now/-/date-now-0.1.4.tgz#eaf439fd4d4848ad74e5cc7dbef200672b9e345b"

domain-browser@^1.1.1:
  version "1.1.7"
  resolved "https://registry.yarnpkg.com/domain-browser/-/domain-browser-1.1.7.tgz#867aa4b093faa05f1de08c06f4d7b21fdf8698bc"

es6-promise@^2.3.0:
  version "2.3.0"
  resolved "https://registry.yarnpkg.com/es6-promise/-/es6-promise-2.3.0.tgz#96edb9f2fdb01995822b263dd8aadab6748181bc"

events@^1.0.0:
  version "1.1.1"
  resolved "https://registry.yarnpkg.com/events/-/events-1.1.1.tgz#9ebdb7635ad099c70dcc4c2a1f5004288e8bd924"

font-awesome@^4.3.0:
  version "4.7.0"
  resolved "https://registry.yarnpkg.com/font-awesome/-/font-awesome-4.7.0.tgz#8fa8cf0411a1a31afd07b06d2902bb9fc815a133"

has-color@~0.1.0:
  version "0.1.7"
  resolved "https://registry.yarnpkg.com/has-color/-/has-color-0.1.7.tgz#67144a5260c34fc3cca677d041daf52fe7b78b2f"

http-browserify@^1.3.2:
  version "1.7.0"
  resolved "https://registry.yarnpkg.com/http-browserify/-/http-browserify-1.7.0.tgz#33795ade72df88acfbfd36773cefeda764735b20"
  dependencies:
    Base64 "~0.2.0"
    inherits "~2.0.1"

https-browserify@0.0.0:
  version "0.0.0"
  resolved "https://registry.yarnpkg.com/https-browserify/-/https-browserify-0.0.0.tgz#b3ffdfe734b2a3d4a9efd58e8654c91fce86eafd"

humane-js@^3.2.2:
  version "3.2.2"
  resolved "https://registry.yarnpkg.com/humane-js/-/humane-js-3.2.2.tgz#b762af5f8b246f3fd6f455eb131c252bd5c00a8c"

ieee754@^1.1.4:
  version "1.1.8"
  resolved "https://registry.yarnpkg.com/ieee754/-/ieee754-1.1.8.tgz#be33d40ac10ef1926701f6f08a2d86fbfd1ad3e4"

indexof@0.0.1:
  version "0.0.1"
  resolved "https://registry.yarnpkg.com/indexof/-/indexof-0.0.1.tgz#82dc336d232b9062179d05ab3293a66059fd435d"

inflection@~1.4.0:
  version "1.4.2"
  resolved "https://registry.yarnpkg.com/inflection/-/inflection-1.4.2.tgz#8bddf6ede66014cd33293dfe76e18a77f53d4a3a"

inherits@2.0.1:
  version "2.0.1"
  resolved "https://registry.yarnpkg.com/inherits/-/inherits-2.0.1.tgz#b17d08d326b4423e568eff719f91b0b1cbdf69f1"

inherits@~2.0.1:
  version "2.0.3"
  resolved "https://registry.yarnpkg.com/inherits/-/inherits-2.0.3.tgz#633c2c83e3da42a502f52466022480f4208261de"

isarray@0.0.1:
  version "0.0.1"
  resolved "https://registry.yarnpkg.com/isarray/-/isarray-0.0.1.tgz#8a18acfca9a8f4177e09abfc6038939b05d1eedf"

isarray@^1.0.0:
  version "1.0.0"
  resolved "https://registry.yarnpkg.com/isarray/-/isarray-1.0.0.tgz#bb935d48582cba168c06834957a54a3e07124f11"

jsonlint@^1.6.2:
  version "1.6.2"
  resolved "https://registry.yarnpkg.com/jsonlint/-/jsonlint-1.6.2.tgz#5737045085f55eb455c68b1ff4ebc01bd50e8830"
  dependencies:
    JSV ">= 4.0.x"
    nomnom ">= 1.5.x"

lodash.debounce@4.0.8:
  version "4.0.8"
  resolved "https://registry.yarnpkg.com/lodash.debounce/-/lodash.debounce-4.0.8.tgz#82d79bff30a67c4005ffd5e2515300ad9ca4d7af"

lodash@>=1.3.0:
  version "4.17.4"
  resolved "https://registry.yarnpkg.com/lodash/-/lodash-4.17.4.tgz#78203a4d1c328ae1d86dca6460e369b57f4055ae"

ng-admin@^1.0.5:
  version "1.0.5"
  resolved "https://registry.yarnpkg.com/ng-admin/-/ng-admin-1.0.5.tgz#3121eefea803035751b7c4f35661c639d7266186"
  dependencies:
    admin-config "~0.12.2"
    angular "~1.6.1"
    angular-numeraljs "^1.1.6"
    angular-sanitize "^1.3.15"
    angular-translate "^2.11.0"
    angular-ui-bootstrap "~1.2.1"
    angular-ui-codemirror jpetitcolas/ui-codemirror#di
    angular-ui-router "~0.4.0"
    bootstrap-sass "^3.3.7"
    codemirror "^5.2.0"
    core-js "^0.6.1"
    es6-promise "^2.3.0"
    font-awesome "^4.3.0"
    humane-js "^3.2.2"
    jsonlint "^1.6.2"
    lodash.debounce "4.0.8"
    ng-file-upload "^7.0.12"
    nginflection "^1.1.10"
    node-libs-browser "^0.5.0"
    nprogress "^0.2.0"
    numeral "^1.5.3"
    papaparse "^4.1.1"
    rangy "^1.3.0"
    restangular "~1.5.2"
    textangular "1.4.3"
    ui-select "0.18.1"

ng-file-upload@^7.0.12:
  version "7.3.9"
  resolved "https://registry.yarnpkg.com/ng-file-upload/-/ng-file-upload-7.3.9.tgz#8e25396d98c924e3c3415321294e4487da751c4b"

nginflection@^1.1.10:
  version "1.1.10"
  resolved "https://registry.yarnpkg.com/nginflection/-/nginflection-1.1.10.tgz#fa2a5076bfa016ecb065e0c9cfacbb999b4cfdaf"
  dependencies:
    angular "^1.3.14"
    inflection "~1.4.0"

node-libs-browser@^0.5.0:
  version "0.5.3"
  resolved "https://registry.yarnpkg.com/node-libs-browser/-/node-libs-browser-0.5.3.tgz#55efa888ec907acdb8cffc4e7a51712780e13b6a"
  dependencies:
    assert "^1.1.1"
    browserify-zlib "~0.1.4"
    buffer "^3.0.3"
    console-browserify "^1.1.0"
    constants-browserify "0.0.1"
    crypto-browserify "~3.2.6"
    domain-browser "^1.1.1"
    events "^1.0.0"
    http-browserify "^1.3.2"
    https-browserify "0.0.0"
    os-browserify "~0.1.2"
    path-browserify "0.0.0"
    process "^0.11.0"
    punycode "^1.2.4"
    querystring-es3 "~0.2.0"
    readable-stream "^1.1.13"
    stream-browserify "^1.0.0"
    string_decoder "~0.10.25"
    timers-browserify "^1.0.1"
    tty-browserify "0.0.0"
    url "~0.10.1"
    util "~0.10.3"
    vm-browserify "0.0.4"

"nomnom@>= 1.5.x":
  version "1.8.1"
  resolved "https://registry.yarnpkg.com/nomnom/-/nomnom-1.8.1.tgz#2151f722472ba79e50a76fc125bb8c8f2e4dc2a7"
  dependencies:
    chalk "~0.4.0"
    underscore "~1.6.0"

nprogress@^0.2.0:
  version "0.2.0"
  resolved "https://registry.yarnpkg.com/nprogress/-/nprogress-0.2.0.tgz#cb8f34c53213d895723fcbab907e9422adbcafb1"

numeral@^1.5.3, numeral@~1.5:
  version "1.5.6"
  resolved "https://registry.yarnpkg.com/numeral/-/numeral-1.5.6.tgz#3831db968451b9cf6aff9bf95925f1ef8e37b33f"

os-browserify@~0.1.2:
  version "0.1.2"
  resolved "https://registry.yarnpkg.com/os-browserify/-/os-browserify-0.1.2.tgz#49ca0293e0b19590a5f5de10c7f265a617d8fe54"

pako@~0.2.0:
  version "0.2.9"
  resolved "https://registry.yarnpkg.com/pako/-/pako-0.2.9.tgz#f3f7522f4ef782348da8161bad9ecfd51bf83a75"

papaparse@^4.1.1:
  version "4.2.0"
  resolved "https://registry.yarnpkg.com/papaparse/-/papaparse-4.2.0.tgz#ac5bed7de39445dabb6616a507024b8b88eee7c3"

path-browserify@0.0.0:
  version "0.0.0"
  resolved "https://registry.yarnpkg.com/path-browserify/-/path-browserify-0.0.0.tgz#a0b870729aae214005b7d5032ec2cbbb0fb4451a"

pbkdf2-compat@2.0.1:
  version "2.0.1"
  resolved "https://registry.yarnpkg.com/pbkdf2-compat/-/pbkdf2-compat-2.0.1.tgz#b6e0c8fa99494d94e0511575802a59a5c142f288"

process@^0.11.0, process@~0.11.0:
  version "0.11.9"
  resolved "https://registry.yarnpkg.com/process/-/process-0.11.9.tgz#7bd5ad21aa6253e7da8682264f1e11d11c0318c1"

punycode@1.3.2:
  version "1.3.2"
  resolved "https://registry.yarnpkg.com/punycode/-/punycode-1.3.2.tgz#9653a036fb7c1ee42342f2325cceefea3926c48d"

punycode@^1.2.4:
  version "1.4.1"
  resolved "https://registry.yarnpkg.com/punycode/-/punycode-1.4.1.tgz#c0d5a63b2718800ad8e1eb0fa5269c84dd41845e"

querystring-es3@~0.2.0:
  version "0.2.1"
  resolved "https://registry.yarnpkg.com/querystring-es3/-/querystring-es3-0.2.1.tgz#9ec61f79049875707d69414596fd907a4d711e73"

querystring@0.2.0:
  version "0.2.0"
  resolved "https://registry.yarnpkg.com/querystring/-/querystring-0.2.0.tgz#b209849203bb25df820da756e747005878521620"

rangy@^1.3.0:
  version "1.3.0"
  resolved "https://registry.yarnpkg.com/rangy/-/rangy-1.3.0.tgz#b7c9a70aea05e5d8cdc74a8d4c8273d697271904"

readable-stream@^1.0.27-1, readable-stream@^1.1.13:
  version "1.1.14"
  resolved "https://registry.yarnpkg.com/readable-stream/-/readable-stream-1.1.14.tgz#7cf4c54ef648e3813084c636dd2079e166c081d9"
  dependencies:
    core-util-is "~1.0.0"
    inherits "~2.0.1"
    isarray "0.0.1"
    string_decoder "~0.10.x"

restangular@~1.5.2:
  version "1.5.2"
  resolved "https://registry.yarnpkg.com/restangular/-/restangular-1.5.2.tgz#a7515519a7ab0c2bac8667a77ffe530562e92589"
  dependencies:
    lodash ">=1.3.0"

ripemd160@0.2.0:
  version "0.2.0"
  resolved "https://registry.yarnpkg.com/ripemd160/-/ripemd160-0.2.0.tgz#2bf198bde167cacfa51c0a928e84b68bbe171fce"

sha.js@2.2.6:
  version "2.2.6"
  resolved "https://registry.yarnpkg.com/sha.js/-/sha.js-2.2.6.tgz#17ddeddc5f722fb66501658895461977867315ba"

stream-browserify@^1.0.0:
  version "1.0.0"
  resolved "https://registry.yarnpkg.com/stream-browserify/-/stream-browserify-1.0.0.tgz#bf9b4abfb42b274d751479e44e0ff2656b6f1193"
  dependencies:
    inherits "~2.0.1"
    readable-stream "^1.0.27-1"

string_decoder@~0.10.25, string_decoder@~0.10.x:
  version "0.10.31"
  resolved "https://registry.yarnpkg.com/string_decoder/-/string_decoder-0.10.31.tgz#62e203bc41766c6c28c9fc84301dab1c5310fa94"

strip-ansi@~0.1.0:
  version "0.1.1"
  resolved "https://registry.yarnpkg.com/strip-ansi/-/strip-ansi-0.1.1.tgz#39e8a98d044d150660abe4a6808acf70bb7bc991"

textangular@1.4.3:
  version "1.4.3"
  resolved "https://registry.yarnpkg.com/textangular/-/textangular-1.4.3.tgz#0afb56ef5cbe6c69cd6d2fc9668d145bcafa15af"

timers-browserify@^1.0.1:
  version "1.4.2"
  resolved "https://registry.yarnpkg.com/timers-browserify/-/timers-browserify-1.4.2.tgz#c9c58b575be8407375cb5e2462dacee74359f41d"
  dependencies:
    process "~0.11.0"

tty-browserify@0.0.0:
  version "0.0.0"
  resolved "https://registry.yarnpkg.com/tty-browserify/-/tty-browserify-0.0.0.tgz#a157ba402da24e9bf957f9aa69d524eed42901a6"

ui-select@0.18.1:
  version "0.18.1"
  resolved "https://registry.yarnpkg.com/ui-select/-/ui-select-0.18.1.tgz#fb62568493981996b7c447e2ab57aec9c0b7b1c1"

underscore@~1.6.0:
  version "1.6.0"
  resolved "https://registry.yarnpkg.com/underscore/-/underscore-1.6.0.tgz#8b38b10cacdef63337b8b24e4ff86d45aea529a8"

url@~0.10.1:
  version "0.10.3"
  resolved "https://registry.yarnpkg.com/url/-/url-0.10.3.tgz#021e4d9c7705f21bbf37d03ceb58767402774c64"
  dependencies:
    punycode "1.3.2"
    querystring "0.2.0"

util@0.10.3, util@~0.10.3:
  version "0.10.3"
  resolved "https://registry.yarnpkg.com/util/-/util-0.10.3.tgz#7afb1afe50805246489e3db7fe0ed379336ac0f9"
  dependencies:
    inherits "2.0.1"

vm-browserify@0.0.4:
  version "0.0.4"
  resolved "https://registry.yarnpkg.com/vm-browserify/-/vm-browserify-0.0.4.tgz#5d7ea45bbef9e4a6ff65f95438e0a87c357d5a73"
  dependencies:
    indexof "0.0.1"
